// !$*UTF8*$!
{
	archiveVersion = 1;
	classes = {
	};
	objectVersion = 50;
	objects = {

/* Begin PBXBuildFile section */
		7516B9A125E8107D002F863D /* SunCard.swift in Sources */ = {isa = PBXBuildFile; fileRef = 7516B9A025E8107D002F863D /* SunCard.swift */; };
		7516B9A625E810A6002F863D /* SunCardModel.swift in Sources */ = {isa = PBXBuildFile; fileRef = 7516B9A525E810A6002F863D /* SunCardModel.swift */; };
		7516B9AF25E8275E002F863D /* NewEventModel.swift in Sources */ = {isa = PBXBuildFile; fileRef = 7516B9AE25E8275E002F863D /* NewEventModel.swift */; };
		7516B9B425E8293B002F863D /* AddEventView.swift in Sources */ = {isa = PBXBuildFile; fileRef = 7516B9B325E8293B002F863D /* AddEventView.swift */; };
		751A8AB8251D2475007518AE /* Location.gpx in Resources */ = {isa = PBXBuildFile; fileRef = 751A8AB7251D2475007518AE /* Location.gpx */; };
		754DC3252517E2060016C200 /* placesData.json in Resources */ = {isa = PBXBuildFile; fileRef = 754DC31D2517E2060016C200 /* placesData.json */; };
		754DC3262517E2060016C200 /* Datastore.swift in Sources */ = {isa = PBXBuildFile; fileRef = 754DC31E2517E2060016C200 /* Datastore.swift */; };
		754DC3272517E2060016C200 /* PlacesData.swift in Sources */ = {isa = PBXBuildFile; fileRef = 754DC31F2517E2060016C200 /* PlacesData.swift */; };
		754DC3282517E2060016C200 /* utilities.swift in Sources */ = {isa = PBXBuildFile; fileRef = 754DC3212517E2060016C200 /* utilities.swift */; };
		754DC3292517E2060016C200 /* goldenFormulae.swift in Sources */ = {isa = PBXBuildFile; fileRef = 754DC3222517E2060016C200 /* goldenFormulae.swift */; };
		754DC32A2517E2060016C200 /* julianDayUtilities.swift in Sources */ = {isa = PBXBuildFile; fileRef = 754DC3232517E2060016C200 /* julianDayUtilities.swift */; };
		754DC3352517E2180016C200 /* PlacePickerRow.swift in Sources */ = {isa = PBXBuildFile; fileRef = 754DC3312517E2180016C200 /* PlacePickerRow.swift */; };
		754DC3362517E2180016C200 /* TimeTableRow.swift in Sources */ = {isa = PBXBuildFile; fileRef = 754DC3322517E2180016C200 /* TimeTableRow.swift */; };
		754DC3372517E2180016C200 /* TimeRange.swift in Sources */ = {isa = PBXBuildFile; fileRef = 754DC3332517E2180016C200 /* TimeRange.swift */; };
		754DC3402517E2CC0016C200 /* TimeCard.swift in Sources */ = {isa = PBXBuildFile; fileRef = 754DC33E2517E2CC0016C200 /* TimeCard.swift */; };
		754DC3412517E2CC0016C200 /* PlacePicker.swift in Sources */ = {isa = PBXBuildFile; fileRef = 754DC33F2517E2CC0016C200 /* PlacePicker.swift */; };
		75931EFF25D2A97900A2D910 /* TimeTable.swift in Sources */ = {isa = PBXBuildFile; fileRef = 75931EFE25D2A97900A2D910 /* TimeTable.swift */; };
		75D5869825152504001247D9 /* AppDelegate.swift in Sources */ = {isa = PBXBuildFile; fileRef = 75D5869725152504001247D9 /* AppDelegate.swift */; };
		75D5869A25152504001247D9 /* SceneDelegate.swift in Sources */ = {isa = PBXBuildFile; fileRef = 75D5869925152504001247D9 /* SceneDelegate.swift */; };
		75D5869D25152504001247D9 /* GoldenHour.xcdatamodeld in Sources */ = {isa = PBXBuildFile; fileRef = 75D5869B25152504001247D9 /* GoldenHour.xcdatamodeld */; };
		75D5869F25152504001247D9 /* ContentView.swift in Sources */ = {isa = PBXBuildFile; fileRef = 75D5869E25152504001247D9 /* ContentView.swift */; };
		75D586A125152506001247D9 /* Assets.xcassets in Resources */ = {isa = PBXBuildFile; fileRef = 75D586A025152506001247D9 /* Assets.xcassets */; };
		75D586A425152506001247D9 /* Preview Assets.xcassets in Resources */ = {isa = PBXBuildFile; fileRef = 75D586A325152506001247D9 /* Preview Assets.xcassets */; };
		75D586A725152506001247D9 /* LaunchScreen.storyboard in Resources */ = {isa = PBXBuildFile; fileRef = 75D586A525152506001247D9 /* LaunchScreen.storyboard */; };
		75D586B225152507001247D9 /* GoldenHourTests.swift in Sources */ = {isa = PBXBuildFile; fileRef = 75D586B125152507001247D9 /* GoldenHourTests.swift */; };
		75D586BD25152507001247D9 /* GoldenHourUITests.swift in Sources */ = {isa = PBXBuildFile; fileRef = 75D586BC25152507001247D9 /* GoldenHourUITests.swift */; };
		75F7373F25323C1A0011E56C /* NewPlaceFormView.swift in Sources */ = {isa = PBXBuildFile; fileRef = 75F7373E25323C190011E56C /* NewPlaceFormView.swift */; };
/* End PBXBuildFile section */

/* Begin PBXContainerItemProxy section */
		75D586AE25152507001247D9 /* PBXContainerItemProxy */ = {
			isa = PBXContainerItemProxy;
			containerPortal = 75D5868C25152504001247D9 /* Project object */;
			proxyType = 1;
			remoteGlobalIDString = 75D5869325152504001247D9;
			remoteInfo = GoldenHour;
		};
		75D586B925152507001247D9 /* PBXContainerItemProxy */ = {
			isa = PBXContainerItemProxy;
			containerPortal = 75D5868C25152504001247D9 /* Project object */;
			proxyType = 1;
			remoteGlobalIDString = 75D5869325152504001247D9;
			remoteInfo = GoldenHour;
		};
/* End PBXContainerItemProxy section */

/* Begin PBXFileReference section */
		7516B9A025E8107D002F863D /* SunCard.swift */ = {isa = PBXFileReference; lastKnownFileType = sourcecode.swift; path = SunCard.swift; sourceTree = "<group>"; };
		7516B9A525E810A6002F863D /* SunCardModel.swift */ = {isa = PBXFileReference; lastKnownFileType = sourcecode.swift; path = SunCardModel.swift; sourceTree = "<group>"; };
		7516B9AA25E8213B002F863D /* README.md */ = {isa = PBXFileReference; lastKnownFileType = net.daringfireball.markdown; path = README.md; sourceTree = "<group>"; };
		7516B9AE25E8275E002F863D /* NewEventModel.swift */ = {isa = PBXFileReference; lastKnownFileType = sourcecode.swift; path = NewEventModel.swift; sourceTree = "<group>"; };
		7516B9B325E8293B002F863D /* AddEventView.swift */ = {isa = PBXFileReference; lastKnownFileType = sourcecode.swift; path = AddEventView.swift; sourceTree = "<group>"; };
		751A8AB7251D2475007518AE /* Location.gpx */ = {isa = PBXFileReference; lastKnownFileType = text.xml; path = Location.gpx; sourceTree = "<group>"; };
		754DC31D2517E2060016C200 /* placesData.json */ = {isa = PBXFileReference; fileEncoding = 4; lastKnownFileType = text.json; path = placesData.json; sourceTree = "<group>"; };
		754DC31E2517E2060016C200 /* Datastore.swift */ = {isa = PBXFileReference; fileEncoding = 4; lastKnownFileType = sourcecode.swift; path = Datastore.swift; sourceTree = "<group>"; };
		754DC31F2517E2060016C200 /* PlacesData.swift */ = {isa = PBXFileReference; fileEncoding = 4; lastKnownFileType = sourcecode.swift; path = PlacesData.swift; sourceTree = "<group>"; };
		754DC3212517E2060016C200 /* utilities.swift */ = {isa = PBXFileReference; fileEncoding = 4; lastKnownFileType = sourcecode.swift; path = utilities.swift; sourceTree = "<group>"; };
		754DC3222517E2060016C200 /* goldenFormulae.swift */ = {isa = PBXFileReference; fileEncoding = 4; lastKnownFileType = sourcecode.swift; path = goldenFormulae.swift; sourceTree = "<group>"; };
		754DC3232517E2060016C200 /* julianDayUtilities.swift */ = {isa = PBXFileReference; fileEncoding = 4; lastKnownFileType = sourcecode.swift; path = julianDayUtilities.swift; sourceTree = "<group>"; };
		754DC3312517E2180016C200 /* PlacePickerRow.swift */ = {isa = PBXFileReference; fileEncoding = 4; lastKnownFileType = sourcecode.swift; path = PlacePickerRow.swift; sourceTree = "<group>"; };
		754DC3322517E2180016C200 /* TimeTableRow.swift */ = {isa = PBXFileReference; fileEncoding = 4; lastKnownFileType = sourcecode.swift; path = TimeTableRow.swift; sourceTree = "<group>"; };
		754DC3332517E2180016C200 /* TimeRange.swift */ = {isa = PBXFileReference; fileEncoding = 4; lastKnownFileType = sourcecode.swift; path = TimeRange.swift; sourceTree = "<group>"; };
		754DC33E2517E2CC0016C200 /* TimeCard.swift */ = {isa = PBXFileReference; fileEncoding = 4; lastKnownFileType = sourcecode.swift; path = TimeCard.swift; sourceTree = "<group>"; };
		754DC33F2517E2CC0016C200 /* PlacePicker.swift */ = {isa = PBXFileReference; fileEncoding = 4; lastKnownFileType = sourcecode.swift; path = PlacePicker.swift; sourceTree = "<group>"; };
		7587D32F25E2C2FB009FB44D /* Scenario Tests.md */ = {isa = PBXFileReference; lastKnownFileType = net.daringfireball.markdown; path = "Scenario Tests.md"; sourceTree = "<group>"; };
		75931EFE25D2A97900A2D910 /* TimeTable.swift */ = {isa = PBXFileReference; lastKnownFileType = sourcecode.swift; path = TimeTable.swift; sourceTree = "<group>"; };
		75D5869425152504001247D9 /* GoldenHour.app */ = {isa = PBXFileReference; explicitFileType = wrapper.application; includeInIndex = 0; path = GoldenHour.app; sourceTree = BUILT_PRODUCTS_DIR; };
		75D5869725152504001247D9 /* AppDelegate.swift */ = {isa = PBXFileReference; lastKnownFileType = sourcecode.swift; path = AppDelegate.swift; sourceTree = "<group>"; };
		75D5869925152504001247D9 /* SceneDelegate.swift */ = {isa = PBXFileReference; lastKnownFileType = sourcecode.swift; path = SceneDelegate.swift; sourceTree = "<group>"; };
		75D5869C25152504001247D9 /* GoldenHour.xcdatamodel */ = {isa = PBXFileReference; lastKnownFileType = wrapper.xcdatamodel; path = GoldenHour.xcdatamodel; sourceTree = "<group>"; };
		75D5869E25152504001247D9 /* ContentView.swift */ = {isa = PBXFileReference; lastKnownFileType = sourcecode.swift; path = ContentView.swift; sourceTree = "<group>"; };
		75D586A025152506001247D9 /* Assets.xcassets */ = {isa = PBXFileReference; lastKnownFileType = folder.assetcatalog; path = Assets.xcassets; sourceTree = "<group>"; };
		75D586A325152506001247D9 /* Preview Assets.xcassets */ = {isa = PBXFileReference; lastKnownFileType = folder.assetcatalog; path = "Preview Assets.xcassets"; sourceTree = "<group>"; };
		75D586A625152506001247D9 /* Base */ = {isa = PBXFileReference; lastKnownFileType = file.storyboard; name = Base; path = Base.lproj/LaunchScreen.storyboard; sourceTree = "<group>"; };
		75D586A825152506001247D9 /* Info.plist */ = {isa = PBXFileReference; lastKnownFileType = text.plist.xml; path = Info.plist; sourceTree = "<group>"; };
		75D586AD25152507001247D9 /* GoldenHourTests.xctest */ = {isa = PBXFileReference; explicitFileType = wrapper.cfbundle; includeInIndex = 0; path = GoldenHourTests.xctest; sourceTree = BUILT_PRODUCTS_DIR; };
		75D586B125152507001247D9 /* GoldenHourTests.swift */ = {isa = PBXFileReference; lastKnownFileType = sourcecode.swift; path = GoldenHourTests.swift; sourceTree = "<group>"; };
		75D586B325152507001247D9 /* Info.plist */ = {isa = PBXFileReference; lastKnownFileType = text.plist.xml; path = Info.plist; sourceTree = "<group>"; };
		75D586B825152507001247D9 /* GoldenHourUITests.xctest */ = {isa = PBXFileReference; explicitFileType = wrapper.cfbundle; includeInIndex = 0; path = GoldenHourUITests.xctest; sourceTree = BUILT_PRODUCTS_DIR; };
		75D586BC25152507001247D9 /* GoldenHourUITests.swift */ = {isa = PBXFileReference; lastKnownFileType = sourcecode.swift; path = GoldenHourUITests.swift; sourceTree = "<group>"; };
		75D586BE25152507001247D9 /* Info.plist */ = {isa = PBXFileReference; lastKnownFileType = text.plist.xml; path = Info.plist; sourceTree = "<group>"; };
		75F7373E25323C190011E56C /* NewPlaceFormView.swift */ = {isa = PBXFileReference; lastKnownFileType = sourcecode.swift; path = NewPlaceFormView.swift; sourceTree = "<group>"; };
/* End PBXFileReference section */

/* Begin PBXFrameworksBuildPhase section */
		75D5869125152504001247D9 /* Frameworks */ = {
			isa = PBXFrameworksBuildPhase;
			buildActionMask = 2147483647;
			files = (
			);
			runOnlyForDeploymentPostprocessing = 0;
		};
		75D586AA25152507001247D9 /* Frameworks */ = {
			isa = PBXFrameworksBuildPhase;
			buildActionMask = 2147483647;
			files = (
			);
			runOnlyForDeploymentPostprocessing = 0;
		};
		75D586B525152507001247D9 /* Frameworks */ = {
			isa = PBXFrameworksBuildPhase;
			buildActionMask = 2147483647;
			files = (
			);
			runOnlyForDeploymentPostprocessing = 0;
		};
/* End PBXFrameworksBuildPhase section */

/* Begin PBXGroup section */
		754DC31A2517E2060016C200 /* Models */ = {
			isa = PBXGroup;
			children = (
				754DC31D2517E2060016C200 /* placesData.json */,
				754DC31E2517E2060016C200 /* Datastore.swift */,
				751A8AB7251D2475007518AE /* Location.gpx */,
				754DC31F2517E2060016C200 /* PlacesData.swift */,
				7516B9A525E810A6002F863D /* SunCardModel.swift */,
				7516B9AE25E8275E002F863D /* NewEventModel.swift */,
			);
			path = Models;
			sourceTree = "<group>";
		};
		754DC3202517E2060016C200 /* Functions */ = {
			isa = PBXGroup;
			children = (
				754DC3212517E2060016C200 /* utilities.swift */,
				754DC3222517E2060016C200 /* goldenFormulae.swift */,
				754DC3232517E2060016C200 /* julianDayUtilities.swift */,
			);
			path = Functions;
			sourceTree = "<group>";
		};
		754DC32E2517E2180016C200 /* Resources */ = {
			isa = PBXGroup;
			children = (
			);
			name = Resources;
			path = GoldenHour/Resources;
			sourceTree = SOURCE_ROOT;
		};
		754DC32F2517E2180016C200 /* Support Views */ = {
			isa = PBXGroup;
			children = (
				754DC3312517E2180016C200 /* PlacePickerRow.swift */,
				754DC3322517E2180016C200 /* TimeTableRow.swift */,
				754DC3332517E2180016C200 /* TimeRange.swift */,
			);
			name = "Support Views";
			path = "GoldenHour/Support Views";
			sourceTree = SOURCE_ROOT;
		};
		75D5868B25152504001247D9 = {
			isa = PBXGroup;
			children = (
				75D5869625152504001247D9 /* GoldenHour */,
				75D586B025152507001247D9 /* GoldenHourTests */,
				75D586BB25152507001247D9 /* GoldenHourUITests */,
				75D5869525152504001247D9 /* Products */,
			);
			sourceTree = "<group>";
		};
		75D5869525152504001247D9 /* Products */ = {
			isa = PBXGroup;
			children = (
				75D5869425152504001247D9 /* GoldenHour.app */,
				75D586AD25152507001247D9 /* GoldenHourTests.xctest */,
				75D586B825152507001247D9 /* GoldenHourUITests.xctest */,
			);
			name = Products;
			sourceTree = "<group>";
		};
		75D5869625152504001247D9 /* GoldenHour */ = {
			isa = PBXGroup;
			children = (
				754DC3202517E2060016C200 /* Functions */,
				754DC31A2517E2060016C200 /* Models */,
				754DC32F2517E2180016C200 /* Support Views */,
				75D5869725152504001247D9 /* AppDelegate.swift */,
				7516B9B325E8293B002F863D /* AddEventView.swift */,
				75D5869925152504001247D9 /* SceneDelegate.swift */,
				75D5869E25152504001247D9 /* ContentView.swift */,
				754DC33F2517E2CC0016C200 /* PlacePicker.swift */,
				75F7373E25323C190011E56C /* NewPlaceFormView.swift */,
				754DC33E2517E2CC0016C200 /* TimeCard.swift */,
				7516B9A025E8107D002F863D /* SunCard.swift */,
				75931EFE25D2A97900A2D910 /* TimeTable.swift */,
				75D586A025152506001247D9 /* Assets.xcassets */,
				75D586A525152506001247D9 /* LaunchScreen.storyboard */,
				75D586A825152506001247D9 /* Info.plist */,
				75D5869B25152504001247D9 /* GoldenHour.xcdatamodeld */,
				75D586A225152506001247D9 /* Preview Content */,
				754DC32E2517E2180016C200 /* Resources */,
				7516B9AA25E8213B002F863D /* README.md */,
			);
			path = GoldenHour;
			sourceTree = "<group>";
		};
		75D586A225152506001247D9 /* Preview Content */ = {
			isa = PBXGroup;
			children = (
				75D586A325152506001247D9 /* Preview Assets.xcassets */,
			);
			path = "Preview Content";
			sourceTree = "<group>";
		};
		75D586B025152507001247D9 /* GoldenHourTests */ = {
			isa = PBXGroup;
			children = (
				75D586B125152507001247D9 /* GoldenHourTests.swift */,
				75D586B325152507001247D9 /* Info.plist */,
			);
			path = GoldenHourTests;
			sourceTree = "<group>";
		};
		75D586BB25152507001247D9 /* GoldenHourUITests */ = {
			isa = PBXGroup;
			children = (
				75D586BC25152507001247D9 /* GoldenHourUITests.swift */,
				75D586BE25152507001247D9 /* Info.plist */,
				7587D32F25E2C2FB009FB44D /* Scenario Tests.md */,
			);
			path = GoldenHourUITests;
			sourceTree = "<group>";
		};
/* End PBXGroup section */

/* Begin PBXNativeTarget section */
		75D5869325152504001247D9 /* GoldenHour */ = {
			isa = PBXNativeTarget;
			buildConfigurationList = 75D586C125152507001247D9 /* Build configuration list for PBXNativeTarget "GoldenHour" */;
			buildPhases = (
				75D5869025152504001247D9 /* Sources */,
				75D5869125152504001247D9 /* Frameworks */,
				75D5869225152504001247D9 /* Resources */,
			);
			buildRules = (
			);
			dependencies = (
			);
			name = GoldenHour;
			productName = GoldenHour;
			productReference = 75D5869425152504001247D9 /* GoldenHour.app */;
			productType = "com.apple.product-type.application";
		};
		75D586AC25152507001247D9 /* GoldenHourTests */ = {
			isa = PBXNativeTarget;
			buildConfigurationList = 75D586C425152507001247D9 /* Build configuration list for PBXNativeTarget "GoldenHourTests" */;
			buildPhases = (
				75D586A925152507001247D9 /* Sources */,
				75D586AA25152507001247D9 /* Frameworks */,
				75D586AB25152507001247D9 /* Resources */,
			);
			buildRules = (
			);
			dependencies = (
				75D586AF25152507001247D9 /* PBXTargetDependency */,
			);
			name = GoldenHourTests;
			productName = GoldenHourTests;
			productReference = 75D586AD25152507001247D9 /* GoldenHourTests.xctest */;
			productType = "com.apple.product-type.bundle.unit-test";
		};
		75D586B725152507001247D9 /* GoldenHourUITests */ = {
			isa = PBXNativeTarget;
			buildConfigurationList = 75D586C725152507001247D9 /* Build configuration list for PBXNativeTarget "GoldenHourUITests" */;
			buildPhases = (
				75D586B425152507001247D9 /* Sources */,
				75D586B525152507001247D9 /* Frameworks */,
				75D586B625152507001247D9 /* Resources */,
			);
			buildRules = (
			);
			dependencies = (
				75D586BA25152507001247D9 /* PBXTargetDependency */,
			);
			name = GoldenHourUITests;
			productName = GoldenHourUITests;
			productReference = 75D586B825152507001247D9 /* GoldenHourUITests.xctest */;
			productType = "com.apple.product-type.bundle.ui-testing";
		};
/* End PBXNativeTarget section */

/* Begin PBXProject section */
		75D5868C25152504001247D9 /* Project object */ = {
			isa = PBXProject;
			attributes = {
				LastSwiftUpdateCheck = 1170;
				LastUpgradeCheck = 1230;
				ORGANIZATIONNAME = "Michal Jan Warecki";
				TargetAttributes = {
					75D5869325152504001247D9 = {
						CreatedOnToolsVersion = 11.7;
					};
					75D586AC25152507001247D9 = {
						CreatedOnToolsVersion = 11.7;
						TestTargetID = 75D5869325152504001247D9;
					};
					75D586B725152507001247D9 = {
						CreatedOnToolsVersion = 11.7;
						TestTargetID = 75D5869325152504001247D9;
					};
				};
			};
			buildConfigurationList = 75D5868F25152504001247D9 /* Build configuration list for PBXProject "GoldenHour" */;
			compatibilityVersion = "Xcode 9.3";
			developmentRegion = en;
			hasScannedForEncodings = 0;
			knownRegions = (
				en,
				Base,
			);
			mainGroup = 75D5868B25152504001247D9;
			productRefGroup = 75D5869525152504001247D9 /* Products */;
			projectDirPath = "";
			projectRoot = "";
			targets = (
				75D5869325152504001247D9 /* GoldenHour */,
				75D586AC25152507001247D9 /* GoldenHourTests */,
				75D586B725152507001247D9 /* GoldenHourUITests */,
			);
		};
/* End PBXProject section */

/* Begin PBXResourcesBuildPhase section */
		75D5869225152504001247D9 /* Resources */ = {
			isa = PBXResourcesBuildPhase;
			buildActionMask = 2147483647;
			files = (
				75D586A725152506001247D9 /* LaunchScreen.storyboard in Resources */,
				754DC3252517E2060016C200 /* placesData.json in Resources */,
				751A8AB8251D2475007518AE /* Location.gpx in Resources */,
				75D586A425152506001247D9 /* Preview Assets.xcassets in Resources */,
				75D586A125152506001247D9 /* Assets.xcassets in Resources */,
			);
			runOnlyForDeploymentPostprocessing = 0;
		};
		75D586AB25152507001247D9 /* Resources */ = {
			isa = PBXResourcesBuildPhase;
			buildActionMask = 2147483647;
			files = (
			);
			runOnlyForDeploymentPostprocessing = 0;
		};
		75D586B625152507001247D9 /* Resources */ = {
			isa = PBXResourcesBuildPhase;
			buildActionMask = 2147483647;
			files = (
			);
			runOnlyForDeploymentPostprocessing = 0;
		};
/* End PBXResourcesBuildPhase section */

/* Begin PBXSourcesBuildPhase section */
		75D5869025152504001247D9 /* Sources */ = {
			isa = PBXSourcesBuildPhase;
			buildActionMask = 2147483647;
			files = (
				75D5869825152504001247D9 /* AppDelegate.swift in Sources */,
				754DC3402517E2CC0016C200 /* TimeCard.swift in Sources */,
				75931EFF25D2A97900A2D910 /* TimeTable.swift in Sources */,
				75D5869D25152504001247D9 /* GoldenHour.xcdatamodeld in Sources */,
				754DC3352517E2180016C200 /* PlacePickerRow.swift in Sources */,
				754DC3272517E2060016C200 /* PlacesData.swift in Sources */,
				754DC3362517E2180016C200 /* TimeTableRow.swift in Sources */,
				75D5869F25152504001247D9 /* ContentView.swift in Sources */,
				75D5869A25152504001247D9 /* SceneDelegate.swift in Sources */,
				754DC3372517E2180016C200 /* TimeRange.swift in Sources */,
				7516B9A125E8107D002F863D /* SunCard.swift in Sources */,
				754DC32A2517E2060016C200 /* julianDayUtilities.swift in Sources */,
				754DC3282517E2060016C200 /* utilities.swift in Sources */,
				754DC3262517E2060016C200 /* Datastore.swift in Sources */,
				7516B9A625E810A6002F863D /* SunCardModel.swift in Sources */,
				7516B9B425E8293B002F863D /* AddEventView.swift in Sources */,
				754DC3292517E2060016C200 /* goldenFormulae.swift in Sources */,
				754DC3412517E2CC0016C200 /* PlacePicker.swift in Sources */,
				75F7373F25323C1A0011E56C /* NewPlaceFormView.swift in Sources */,
				7516B9AF25E8275E002F863D /* NewEventModel.swift in Sources */,
			);
			runOnlyForDeploymentPostprocessing = 0;
		};
		75D586A925152507001247D9 /* Sources */ = {
			isa = PBXSourcesBuildPhase;
			buildActionMask = 2147483647;
			files = (
				75D586B225152507001247D9 /* GoldenHourTests.swift in Sources */,
			);
			runOnlyForDeploymentPostprocessing = 0;
		};
		75D586B425152507001247D9 /* Sources */ = {
			isa = PBXSourcesBuildPhase;
			buildActionMask = 2147483647;
			files = (
				75D586BD25152507001247D9 /* GoldenHourUITests.swift in Sources */,
			);
			runOnlyForDeploymentPostprocessing = 0;
		};
/* End PBXSourcesBuildPhase section */

/* Begin PBXTargetDependency section */
		75D586AF25152507001247D9 /* PBXTargetDependency */ = {
			isa = PBXTargetDependency;
			target = 75D5869325152504001247D9 /* GoldenHour */;
			targetProxy = 75D586AE25152507001247D9 /* PBXContainerItemProxy */;
		};
		75D586BA25152507001247D9 /* PBXTargetDependency */ = {
			isa = PBXTargetDependency;
			target = 75D5869325152504001247D9 /* GoldenHour */;
			targetProxy = 75D586B925152507001247D9 /* PBXContainerItemProxy */;
		};
/* End PBXTargetDependency section */

/* Begin PBXVariantGroup section */
		75D586A525152506001247D9 /* LaunchScreen.storyboard */ = {
			isa = PBXVariantGroup;
			children = (
				75D586A625152506001247D9 /* Base */,
			);
			name = LaunchScreen.storyboard;
			sourceTree = "<group>";
		};
/* End PBXVariantGroup section */

/* Begin XCBuildConfiguration section */
		75D586BF25152507001247D9 /* Debug */ = {
			isa = XCBuildConfiguration;
			buildSettings = {
				ALWAYS_SEARCH_USER_PATHS = NO;
				CLANG_ANALYZER_NONNULL = YES;
				CLANG_ANALYZER_NUMBER_OBJECT_CONVERSION = YES_AGGRESSIVE;
				CLANG_CXX_LANGUAGE_STANDARD = "gnu++14";
				CLANG_CXX_LIBRARY = "libc++";
				CLANG_ENABLE_MODULES = YES;
				CLANG_ENABLE_OBJC_ARC = YES;
				CLANG_ENABLE_OBJC_WEAK = YES;
				CLANG_WARN_BLOCK_CAPTURE_AUTORELEASING = YES;
				CLANG_WARN_BOOL_CONVERSION = YES;
				CLANG_WARN_COMMA = YES;
				CLANG_WARN_CONSTANT_CONVERSION = YES;
				CLANG_WARN_DEPRECATED_OBJC_IMPLEMENTATIONS = YES;
				CLANG_WARN_DIRECT_OBJC_ISA_USAGE = YES_ERROR;
				CLANG_WARN_DOCUMENTATION_COMMENTS = YES;
				CLANG_WARN_EMPTY_BODY = YES;
				CLANG_WARN_ENUM_CONVERSION = YES;
				CLANG_WARN_INFINITE_RECURSION = YES;
				CLANG_WARN_INT_CONVERSION = YES;
				CLANG_WARN_NON_LITERAL_NULL_CONVERSION = YES;
				CLANG_WARN_OBJC_IMPLICIT_RETAIN_SELF = YES;
				CLANG_WARN_OBJC_LITERAL_CONVERSION = YES;
				CLANG_WARN_OBJC_ROOT_CLASS = YES_ERROR;
				CLANG_WARN_QUOTED_INCLUDE_IN_FRAMEWORK_HEADER = YES;
				CLANG_WARN_RANGE_LOOP_ANALYSIS = YES;
				CLANG_WARN_STRICT_PROTOTYPES = YES;
				CLANG_WARN_SUSPICIOUS_MOVE = YES;
				CLANG_WARN_UNGUARDED_AVAILABILITY = YES_AGGRESSIVE;
				CLANG_WARN_UNREACHABLE_CODE = YES;
				CLANG_WARN__DUPLICATE_METHOD_MATCH = YES;
				COPY_PHASE_STRIP = NO;
				DEBUG_INFORMATION_FORMAT = dwarf;
				ENABLE_STRICT_OBJC_MSGSEND = YES;
				ENABLE_TESTABILITY = YES;
				GCC_C_LANGUAGE_STANDARD = gnu11;
				GCC_DYNAMIC_NO_PIC = NO;
				GCC_NO_COMMON_BLOCKS = YES;
				GCC_OPTIMIZATION_LEVEL = 0;
				GCC_PREPROCESSOR_DEFINITIONS = (
					"DEBUG=1",
					"$(inherited)",
				);
				GCC_WARN_64_TO_32_BIT_CONVERSION = YES;
				GCC_WARN_ABOUT_RETURN_TYPE = YES_ERROR;
				GCC_WARN_UNDECLARED_SELECTOR = YES;
				GCC_WARN_UNINITIALIZED_AUTOS = YES_AGGRESSIVE;
				GCC_WARN_UNUSED_FUNCTION = YES;
				GCC_WARN_UNUSED_VARIABLE = YES;
				IPHONEOS_DEPLOYMENT_TARGET = 13.0;
				MTL_ENABLE_DEBUG_INFO = INCLUDE_SOURCE;
				MTL_FAST_MATH = YES;
				ONLY_ACTIVE_ARCH = YES;
				PRODUCT_NAME = GoldenHour;
				SDKROOT = iphoneos;
				SWIFT_ACTIVE_COMPILATION_CONDITIONS = DEBUG;
				SWIFT_OPTIMIZATION_LEVEL = "-Onone";
			};
			name = Debug;
		};
		75D586C025152507001247D9 /* Release */ = {
			isa = XCBuildConfiguration;
			buildSettings = {
				ALWAYS_SEARCH_USER_PATHS = NO;
				CLANG_ANALYZER_NONNULL = YES;
				CLANG_ANALYZER_NUMBER_OBJECT_CONVERSION = YES_AGGRESSIVE;
				CLANG_CXX_LANGUAGE_STANDARD = "gnu++14";
				CLANG_CXX_LIBRARY = "libc++";
				CLANG_ENABLE_MODULES = YES;
				CLANG_ENABLE_OBJC_ARC = YES;
				CLANG_ENABLE_OBJC_WEAK = YES;
				CLANG_WARN_BLOCK_CAPTURE_AUTORELEASING = YES;
				CLANG_WARN_BOOL_CONVERSION = YES;
				CLANG_WARN_COMMA = YES;
				CLANG_WARN_CONSTANT_CONVERSION = YES;
				CLANG_WARN_DEPRECATED_OBJC_IMPLEMENTATIONS = YES;
				CLANG_WARN_DIRECT_OBJC_ISA_USAGE = YES_ERROR;
				CLANG_WARN_DOCUMENTATION_COMMENTS = YES;
				CLANG_WARN_EMPTY_BODY = YES;
				CLANG_WARN_ENUM_CONVERSION = YES;
				CLANG_WARN_INFINITE_RECURSION = YES;
				CLANG_WARN_INT_CONVERSION = YES;
				CLANG_WARN_NON_LITERAL_NULL_CONVERSION = YES;
				CLANG_WARN_OBJC_IMPLICIT_RETAIN_SELF = YES;
				CLANG_WARN_OBJC_LITERAL_CONVERSION = YES;
				CLANG_WARN_OBJC_ROOT_CLASS = YES_ERROR;
				CLANG_WARN_QUOTED_INCLUDE_IN_FRAMEWORK_HEADER = YES;
				CLANG_WARN_RANGE_LOOP_ANALYSIS = YES;
				CLANG_WARN_STRICT_PROTOTYPES = YES;
				CLANG_WARN_SUSPICIOUS_MOVE = YES;
				CLANG_WARN_UNGUARDED_AVAILABILITY = YES_AGGRESSIVE;
				CLANG_WARN_UNREACHABLE_CODE = YES;
				CLANG_WARN__DUPLICATE_METHOD_MATCH = YES;
				COPY_PHASE_STRIP = NO;
				DEBUG_INFORMATION_FORMAT = "dwarf-with-dsym";
				ENABLE_NS_ASSERTIONS = NO;
				ENABLE_STRICT_OBJC_MSGSEND = YES;
				GCC_C_LANGUAGE_STANDARD = gnu11;
				GCC_NO_COMMON_BLOCKS = YES;
				GCC_WARN_64_TO_32_BIT_CONVERSION = YES;
				GCC_WARN_ABOUT_RETURN_TYPE = YES_ERROR;
				GCC_WARN_UNDECLARED_SELECTOR = YES;
				GCC_WARN_UNINITIALIZED_AUTOS = YES_AGGRESSIVE;
				GCC_WARN_UNUSED_FUNCTION = YES;
				GCC_WARN_UNUSED_VARIABLE = YES;
				IPHONEOS_DEPLOYMENT_TARGET = 13.0;
				MTL_ENABLE_DEBUG_INFO = NO;
				MTL_FAST_MATH = YES;
				SDKROOT = iphoneos;
				SWIFT_COMPILATION_MODE = wholemodule;
				SWIFT_OPTIMIZATION_LEVEL = "-O";
				VALIDATE_PRODUCT = YES;
			};
			name = Release;
		};
		75D586C225152507001247D9 /* Debug */ = {
			isa = XCBuildConfiguration;
			buildSettings = {
				ASSETCATALOG_COMPILER_APPICON_NAME = AppIcon;
				CODE_SIGN_STYLE = Automatic;
				DEVELOPMENT_ASSET_PATHS = "\"GoldenHour/Preview Content\"";
				DEVELOPMENT_TEAM = A7CC3SF7S5;
				ENABLE_PREVIEWS = YES;
				INFOPLIST_FILE = GoldenHour/Info.plist;
				LD_RUNPATH_SEARCH_PATHS = (
					"$(inherited)",
					"@executable_path/Frameworks",
				);
				MARKETING_VERSION = 1.0;
				PRODUCT_BUNDLE_IDENTIFIER = mjw.GoldenHour;
				PRODUCT_NAME = "$(TARGET_NAME)";
				SWIFT_VERSION = 5.0;
				TARGETED_DEVICE_FAMILY = "1,2";
			};
			name = Debug;
		};
		75D586C325152507001247D9 /* Release */ = {
			isa = XCBuildConfiguration;
			buildSettings = {
				ASSETCATALOG_COMPILER_APPICON_NAME = AppIcon;
				CODE_SIGN_STYLE = Automatic;
				DEVELOPMENT_ASSET_PATHS = "\"GoldenHour/Preview Content\"";
				DEVELOPMENT_TEAM = A7CC3SF7S5;
				ENABLE_PREVIEWS = YES;
				INFOPLIST_FILE = GoldenHour/Info.plist;
				LD_RUNPATH_SEARCH_PATHS = (
					"$(inherited)",
					"@executable_path/Frameworks",
				);
				MARKETING_VERSION = 1.0;
				PRODUCT_BUNDLE_IDENTIFIER = mjw.GoldenHour;
				PRODUCT_NAME = "$(TARGET_NAME)";
				SWIFT_VERSION = 5.0;
				TARGETED_DEVICE_FAMILY = "1,2";
			};
			name = Release;
		};
		75D586C525152507001247D9 /* Debug */ = {
			isa = XCBuildConfiguration;
			buildSettings = {
				ALWAYS_EMBED_SWIFT_STANDARD_LIBRARIES = YES;
				BUNDLE_LOADER = "$(TEST_HOST)";
				CODE_SIGN_STYLE = Automatic;
				INFOPLIST_FILE = GoldenHourTests/Info.plist;
				IPHONEOS_DEPLOYMENT_TARGET = 13.7;
				LD_RUNPATH_SEARCH_PATHS = (
					"$(inherited)",
					"@executable_path/Frameworks",
					"@loader_path/Frameworks",
				);
				PRODUCT_BUNDLE_IDENTIFIER = mjw.GoldenHourTests;
				PRODUCT_NAME = "$(TARGET_NAME)";
				SWIFT_VERSION = 5.0;
				TARGETED_DEVICE_FAMILY = "1,2";
				TEST_HOST = "$(BUILT_PRODUCTS_DIR)/GoldenHour.app/GoldenHour";
			};
			name = Debug;
		};
		75D586C625152507001247D9 /* Release */ = {
			isa = XCBuildConfiguration;
			buildSettings = {
				ALWAYS_EMBED_SWIFT_STANDARD_LIBRARIES = YES;
				BUNDLE_LOADER = "$(TEST_HOST)";
				CODE_SIGN_STYLE = Automatic;
				INFOPLIST_FILE = GoldenHourTests/Info.plist;
				IPHONEOS_DEPLOYMENT_TARGET = 13.7;
				LD_RUNPATH_SEARCH_PATHS = (
					"$(inherited)",
					"@executable_path/Frameworks",
					"@loader_path/Frameworks",
				);
				PRODUCT_BUNDLE_IDENTIFIER = mjw.GoldenHourTests;
				PRODUCT_NAME = "$(TARGET_NAME)";
				SWIFT_VERSION = 5.0;
				TARGETED_DEVICE_FAMILY = "1,2";
				TEST_HOST = "$(BUILT_PRODUCTS_DIR)/GoldenHour.app/GoldenHour";
			};
			name = Release;
		};
		75D586C825152507001247D9 /* Debug */ = {
			isa = XCBuildConfiguration;
			buildSettings = {
				ALWAYS_EMBED_SWIFT_STANDARD_LIBRARIES = YES;
				CODE_SIGN_STYLE = Automatic;
				INFOPLIST_FILE = GoldenHourUITests/Info.plist;
				LD_RUNPATH_SEARCH_PATHS = (
					"$(inherited)",
					"@executable_path/Frameworks",
					"@loader_path/Frameworks",
				);
				PRODUCT_BUNDLE_IDENTIFIER = mjw.GoldenHourUITests;
				PRODUCT_NAME = "$(TARGET_NAME)";
				SWIFT_VERSION = 5.0;
				TARGETED_DEVICE_FAMILY = "1,2";
				TEST_TARGET_NAME = GoldenHour;
			};
			name = Debug;
		};
		75D586C925152507001247D9 /* Release */ = {
			isa = XCBuildConfiguration;
			buildSettings = {
				ALWAYS_EMBED_SWIFT_STANDARD_LIBRARIES = YES;
				CODE_SIGN_STYLE = Automatic;
				INFOPLIST_FILE = GoldenHourUITests/Info.plist;
				LD_RUNPATH_SEARCH_PATHS = (
					"$(inherited)",
					"@executable_path/Frameworks",
					"@loader_path/Frameworks",
				);
				PRODUCT_BUNDLE_IDENTIFIER = mjw.GoldenHourUITests;
				PRODUCT_NAME = "$(TARGET_NAME)";
				SWIFT_VERSION = 5.0;
				TARGETED_DEVICE_FAMILY = "1,2";
				TEST_TARGET_NAME = GoldenHour;
			};
			name = Release;
		};
/* End XCBuildConfiguration section */

/* Begin XCConfigurationList section */
		75D5868F25152504001247D9 /* Build configuration list for PBXProject "GoldenHour" */ = {
			isa = XCConfigurationList;
			buildConfigurations = (
				75D586BF25152507001247D9 /* Debug */,
				75D586C025152507001247D9 /* Release */,
			);
			defaultConfigurationIsVisible = 0;
			defaultConfigurationName = Release;
		};
		75D586C125152507001247D9 /* Build configuration list for PBXNativeTarget "GoldenHour" */ = {
			isa = XCConfigurationList;
			buildConfigurations = (
				75D586C225152507001247D9 /* Debug */,
				75D586C325152507001247D9 /* Release */,
			);
			defaultConfigurationIsVisible = 0;
			defaultConfigurationName = Release;
		};
		75D586C425152507001247D9 /* Build configuration list for PBXNativeTarget "GoldenHourTests" */ = {
			isa = XCConfigurationList;
			buildConfigurations = (
				75D586C525152507001247D9 /* Debug */,
				75D586C625152507001247D9 /* Release */,
			);
			defaultConfigurationIsVisible = 0;
			defaultConfigurationName = Release;
		};
		75D586C725152507001247D9 /* Build configuration list for PBXNativeTarget "GoldenHourUITests" */ = {
			isa = XCConfigurationList;
			buildConfigurations = (
				75D586C825152507001247D9 /* Debug */,
				75D586C925152507001247D9 /* Release */,
			);
			defaultConfigurationIsVisible = 0;
			defaultConfigurationName = Release;
		};
/* End XCConfigurationList section */

/* Begin XCVersionGroup section */
		75D5869B25152504001247D9 /* GoldenHour.xcdatamodeld */ = {
			isa = XCVersionGroup;
			children = (
				75D5869C25152504001247D9 /* GoldenHour.xcdatamodel */,
			);
			currentVersion = 75D5869C25152504001247D9 /* GoldenHour.xcdatamodel */;
			path = GoldenHour.xcdatamodeld;
			sourceTree = "<group>";
			versionGroupType = wrapper.xcdatamodel;
		};
/* End XCVersionGroup section */
	};
	rootObject = 75D5868C25152504001247D9 /* Project object */;
}
